
Microsoft Visual Studio Solution File, Format Version 12.00
# Visual Studio Version 17
VisualStudioVersion = 17.4.33213.308
MinimumVisualStudioVersion = 10.0.40219.1
Project("{FAE04EC0-301F-11D3-BF4B-00C04F79EFBC}") = "Developers.ApplicationProgrammingInterface", "Developers.ApplicationProgrammingInterface\Developers.ApplicationProgrammingInterface.csproj", "{246F2A9B-3220-4FD8-A68F-D23CD483554C}"
EndProject
Project("{FAE04EC0-301F-11D3-BF4B-00C04F79EFBC}") = "Developers.BusinessLogicLayer", "Developers.BusinessLogicLayer - copia\Developers.BusinessLogicLayer.csproj", "{F787868B-D6E6-49DA-B918-079D3A114EE5}"
EndProject
Project("{FAE04EC0-301F-11D3-BF4B-00C04F79EFBC}") = "Developers.DataAccessLayer", "Developers.DataAccessLayer\Developers.DataAccessLayer.csproj", "{5E1F95AB-446E-4710-8502-BA5A2DF8FA66}"
EndProject
Project("{FAE04EC0-301F-11D3-BF4B-00C04F79EFBC}") = "Developers.LayerEntities", "Developers.LayerEntities\Developers.LayerEntities.csproj", "{42D0972C-B8C1-4FF9-986B-9FAEA578CA74}"
EndProject
Project("{FAE04EC0-301F-11D3-BF4B-00C04F79EFBC}") = "Developers.Serial", "Developers.Series\Developers.Serial.csproj", "{1AD6D040-9457-4597-B6F6-3F7259F1077F}"
EndProject
Global
	GlobalSection(SolutionConfigurationPlatforms) = preSolution
		CD_ROM|Any CPU = CD_ROM|Any CPU
		CD_ROM|Mixed Platforms = CD_ROM|Mixed Platforms
		CD_ROM|x86 = CD_ROM|x86
		Debug|Any CPU = Debug|Any CPU
		Debug|Mixed Platforms = Debug|Mixed Platforms
		Debug|x86 = Debug|x86
		DVD-5|Any CPU = DVD-5|Any CPU
		DVD-5|Mixed Platforms = DVD-5|Mixed Platforms
		DVD-5|x86 = DVD-5|x86
		Release|Any CPU = Release|Any CPU
		Release|Mixed Platforms = Release|Mixed Platforms
		Release|x86 = Release|x86
		SingleImage|Any CPU = SingleImage|Any CPU
		SingleImage|Mixed Platforms = SingleImage|Mixed Platforms
		SingleImage|x86 = SingleImage|x86
	EndGlobalSection
	GlobalSection(ProjectConfigurationPlatforms) = postSolution
		{246F2A9B-3220-4FD8-A68F-D23CD483554C}.CD_ROM|Any CPU.ActiveCfg = Debug|x86
		{246F2A9B-3220-4FD8-A68F-D23CD483554C}.CD_ROM|Any CPU.Build.0 = Debug|x86
		{246F2A9B-3220-4FD8-A68F-D23CD483554C}.CD_ROM|Mixed Platforms.ActiveCfg = Debug|x86
		{246F2A9B-3220-4FD8-A68F-D23CD483554C}.CD_ROM|Mixed Platforms.Build.0 = Debug|x86
		{246F2A9B-3220-4FD8-A68F-D23CD483554C}.CD_ROM|x86.ActiveCfg = Debug|x86
		{246F2A9B-3220-4FD8-A68F-D23CD483554C}.CD_ROM|x86.Build.0 = Debug|x86
		{246F2A9B-3220-4FD8-A68F-D23CD483554C}.Debug|Any CPU.ActiveCfg = Debug|x86
		{246F2A9B-3220-4FD8-A68F-D23CD483554C}.Debug|Any CPU.Build.0 = Debug|x86
		{246F2A9B-3220-4FD8-A68F-D23CD483554C}.Debug|Mixed Platforms.ActiveCfg = Debug|x86
		{246F2A9B-3220-4FD8-A68F-D23CD483554C}.Debug|Mixed Platforms.Build.0 = Debug|x86
		{246F2A9B-3220-4FD8-A68F-D23CD483554C}.Debug|x86.ActiveCfg = Debug|x86
		{246F2A9B-3220-4FD8-A68F-D23CD483554C}.Debug|x86.Build.0 = Debug|x86
		{246F2A9B-3220-4FD8-A68F-D23CD483554C}.DVD-5|Any CPU.ActiveCfg = Debug|x86
		{246F2A9B-3220-4FD8-A68F-D23CD483554C}.DVD-5|Any CPU.Build.0 = Debug|x86
		{246F2A9B-3220-4FD8-A68F-D23CD483554C}.DVD-5|Mixed Platforms.ActiveCfg = Debug|x86
		{246F2A9B-3220-4FD8-A68F-D23CD483554C}.DVD-5|Mixed Platforms.Build.0 = Debug|x86
		{246F2A9B-3220-4FD8-A68F-D23CD483554C}.DVD-5|x86.ActiveCfg = Debug|x86
		{246F2A9B-3220-4FD8-A68F-D23CD483554C}.DVD-5|x86.Build.0 = Debug|x86
		{246F2A9B-3220-4FD8-A68F-D23CD483554C}.Release|Any CPU.ActiveCfg = Release|x86
		{246F2A9B-3220-4FD8-A68F-D23CD483554C}.Release|Any CPU.Build.0 = Release|x86
		{246F2A9B-3220-4FD8-A68F-D23CD483554C}.Release|Mixed Platforms.ActiveCfg = Release|x86
		{246F2A9B-3220-4FD8-A68F-D23CD483554C}.Release|Mixed Platforms.Build.0 = Release|x86
		{246F2A9B-3220-4FD8-A68F-D23CD483554C}.Release|x86.ActiveCfg = Release|x86
		{246F2A9B-3220-4FD8-A68F-D23CD483554C}.Release|x86.Build.0 = Release|x86
		{246F2A9B-3220-4FD8-A68F-D23CD483554C}.SingleImage|Any CPU.ActiveCfg = Debug|x86
		{246F2A9B-3220-4FD8-A68F-D23CD483554C}.SingleImage|Any CPU.Build.0 = Debug|x86
		{246F2A9B-3220-4FD8-A68F-D23CD483554C}.SingleImage|Mixed Platforms.ActiveCfg = Debug|x86
		{246F2A9B-3220-4FD8-A68F-D23CD483554C}.SingleImage|Mixed Platforms.Build.0 = Debug|x86
		{246F2A9B-3220-4FD8-A68F-D23CD483554C}.SingleImage|x86.ActiveCfg = Debug|x86
		{246F2A9B-3220-4FD8-A68F-D23CD483554C}.SingleImage|x86.Build.0 = Debug|x86
		{F787868B-D6E6-49DA-B918-079D3A114EE5}.CD_ROM|Any CPU.ActiveCfg = Debug|Any CPU
		{F787868B-D6E6-49DA-B918-079D3A114EE5}.CD_ROM|Any CPU.Build.0 = Debug|Any CPU
		{F787868B-D6E6-49DA-B918-079D3A114EE5}.CD_ROM|Mixed Platforms.ActiveCfg = Debug|Any CPU
		{F787868B-D6E6-49DA-B918-079D3A114EE5}.CD_ROM|Mixed Platforms.Build.0 = Debug|Any CPU
		{F787868B-D6E6-49DA-B918-079D3A114EE5}.CD_ROM|x86.ActiveCfg = Debug|Any CPU
		{F787868B-D6E6-49DA-B918-079D3A114EE5}.CD_ROM|x86.Build.0 = Debug|Any CPU
		{F787868B-D6E6-49DA-B918-079D3A114EE5}.Debug|Any CPU.ActiveCfg = Debug|Any CPU
		{F787868B-D6E6-49DA-B918-079D3A114EE5}.Debug|Any CPU.Build.0 = Debug|Any CPU
		{F787868B-D6E6-49DA-B918-079D3A114EE5}.Debug|Mixed Platforms.ActiveCfg = Debug|Any CPU
		{F787868B-D6E6-49DA-B918-079D3A114EE5}.Debug|Mixed Platforms.Build.0 = Debug|Any CPU
		{F787868B-D6E6-49DA-B918-079D3A114EE5}.Debug|x86.ActiveCfg = Debug|Any CPU
		{F787868B-D6E6-49DA-B918-079D3A114EE5}.Debug|x86.Build.0 = Debug|Any CPU
		{F787868B-D6E6-49DA-B918-079D3A114EE5}.DVD-5|Any CPU.ActiveCfg = Debug|Any CPU
		{F787868B-D6E6-49DA-B918-079D3A114EE5}.DVD-5|Any CPU.Build.0 = Debug|Any CPU
		{F787868B-D6E6-49DA-B918-079D3A114EE5}.DVD-5|Mixed Platforms.ActiveCfg = Debug|Any CPU
		{F787868B-D6E6-49DA-B918-079D3A114EE5}.DVD-5|Mixed Platforms.Build.0 = Debug|Any CPU
		{F787868B-D6E6-49DA-B918-079D3A114EE5}.DVD-5|x86.ActiveCfg = Debug|Any CPU
		{F787868B-D6E6-49DA-B918-079D3A114EE5}.DVD-5|x86.Build.0 = Debug|Any CPU
		{F787868B-D6E6-49DA-B918-079D3A114EE5}.Release|Any CPU.ActiveCfg = Release|Any CPU
		{F787868B-D6E6-49DA-B918-079D3A114EE5}.Release|Any CPU.Build.0 = Release|Any CPU
		{F787868B-D6E6-49DA-B918-079D3A114EE5}.Release|Mixed Platforms.ActiveCfg = Release|Any CPU
		{F787868B-D6E6-49DA-B918-079D3A114EE5}.Release|Mixed Platforms.Build.0 = Release|Any CPU
		{F787868B-D6E6-49DA-B918-079D3A114EE5}.Release|x86.ActiveCfg = Release|Any CPU
		{F787868B-D6E6-49DA-B918-079D3A114EE5}.Release|x86.Build.0 = Release|Any CPU
		{F787868B-D6E6-49DA-B918-079D3A114EE5}.SingleImage|Any CPU.ActiveCfg = Debug|Any CPU
		{F787868B-D6E6-49DA-B918-079D3A114EE5}.SingleImage|Any CPU.Build.0 = Debug|Any CPU
		{F787868B-D6E6-49DA-B918-079D3A114EE5}.SingleImage|Mixed Platforms.ActiveCfg = Debug|Any CPU
		{F787868B-D6E6-49DA-B918-079D3A114EE5}.SingleImage|Mixed Platforms.Build.0 = Debug|Any CPU
		{F787868B-D6E6-49DA-B918-079D3A114EE5}.SingleImage|x86.ActiveCfg = Debug|Any CPU
		{F787868B-D6E6-49DA-B918-079D3A114EE5}.SingleImage|x86.Build.0 = Debug|Any CPU
		{5E1F95AB-446E-4710-8502-BA5A2DF8FA66}.CD_ROM|Any CPU.ActiveCfg = Debug|Any CPU
		{5E1F95AB-446E-4710-8502-BA5A2DF8FA66}.CD_ROM|Any CPU.Build.0 = Debug|Any CPU
		{5E1F95AB-446E-4710-8502-BA5A2DF8FA66}.CD_ROM|Mixed Platforms.ActiveCfg = Debug|Any CPU
		{5E1F95AB-446E-4710-8502-BA5A2DF8FA66}.CD_ROM|Mixed Platforms.Build.0 = Debug|Any CPU
		{5E1F95AB-446E-4710-8502-BA5A2DF8FA66}.CD_ROM|x86.ActiveCfg = Debug|Any CPU
		{5E1F95AB-446E-4710-8502-BA5A2DF8FA66}.CD_ROM|x86.Build.0 = Debug|Any CPU
		{5E1F95AB-446E-4710-8502-BA5A2DF8FA66}.Debug|Any CPU.ActiveCfg = Debug|Any CPU
		{5E1F95AB-446E-4710-8502-BA5A2DF8FA66}.Debug|Any CPU.Build.0 = Debug|Any CPU
		{5E1F95AB-446E-4710-8502-BA5A2DF8FA66}.Debug|Mixed Platforms.ActiveCfg = Debug|Any CPU
		{5E1F95AB-446E-4710-8502-BA5A2DF8FA66}.Debug|Mixed Platforms.Build.0 = Debug|Any CPU
		{5E1F95AB-446E-4710-8502-BA5A2DF8FA66}.Debug|x86.ActiveCfg = Debug|Any CPU
		{5E1F95AB-446E-4710-8502-BA5A2DF8FA66}.Debug|x86.Build.0 = Debug|Any CPU
		{5E1F95AB-446E-4710-8502-BA5A2DF8FA66}.DVD-5|Any CPU.ActiveCfg = Debug|Any CPU
		{5E1F95AB-446E-4710-8502-BA5A2DF8FA66}.DVD-5|Any CPU.Build.0 = Debug|Any CPU
		{5E1F95AB-446E-4710-8502-BA5A2DF8FA66}.DVD-5|Mixed Platforms.ActiveCfg = Debug|Any CPU
		{5E1F95AB-446E-4710-8502-BA5A2DF8FA66}.DVD-5|Mixed Platforms.Build.0 = Debug|Any CPU
		{5E1F95AB-446E-4710-8502-BA5A2DF8FA66}.DVD-5|x86.ActiveCfg = Debug|Any CPU
		{5E1F95AB-446E-4710-8502-BA5A2DF8FA66}.DVD-5|x86.Build.0 = Debug|Any CPU
		{5E1F95AB-446E-4710-8502-BA5A2DF8FA66}.Release|Any CPU.ActiveCfg = Release|Any CPU
		{5E1F95AB-446E-4710-8502-BA5A2DF8FA66}.Release|Any CPU.Build.0 = Release|Any CPU
		{5E1F95AB-446E-4710-8502-BA5A2DF8FA66}.Release|Mixed Platforms.ActiveCfg = Release|Any CPU
		{5E1F95AB-446E-4710-8502-BA5A2DF8FA66}.Release|Mixed Platforms.Build.0 = Release|Any CPU
		{5E1F95AB-446E-4710-8502-BA5A2DF8FA66}.Release|x86.ActiveCfg = Release|Any CPU
		{5E1F95AB-446E-4710-8502-BA5A2DF8FA66}.Release|x86.Build.0 = Release|Any CPU
		{5E1F95AB-446E-4710-8502-BA5A2DF8FA66}.SingleImage|Any CPU.ActiveCfg = Debug|Any CPU
		{5E1F95AB-446E-4710-8502-BA5A2DF8FA66}.SingleImage|Any CPU.Build.0 = Debug|Any CPU
		{5E1F95AB-446E-4710-8502-BA5A2DF8FA66}.SingleImage|Mixed Platforms.ActiveCfg = Debug|Any CPU
		{5E1F95AB-446E-4710-8502-BA5A2DF8FA66}.SingleImage|Mixed Platforms.Build.0 = Debug|Any CPU
		{5E1F95AB-446E-4710-8502-BA5A2DF8FA66}.SingleImage|x86.ActiveCfg = Debug|Any CPU
		{5E1F95AB-446E-4710-8502-BA5A2DF8FA66}.SingleImage|x86.Build.0 = Debug|Any CPU
		{42D0972C-B8C1-4FF9-986B-9FAEA578CA74}.CD_ROM|Any CPU.ActiveCfg = Debug|Any CPU
		{42D0972C-B8C1-4FF9-986B-9FAEA578CA74}.CD_ROM|Any CPU.Build.0 = Debug|Any CPU
		{42D0972C-B8C1-4FF9-986B-9FAEA578CA74}.CD_ROM|Mixed Platforms.ActiveCfg = Debug|Any CPU
		{42D0972C-B8C1-4FF9-986B-9FAEA578CA74}.CD_ROM|Mixed Platforms.Build.0 = Debug|Any CPU
		{42D0972C-B8C1-4FF9-986B-9FAEA578CA74}.CD_ROM|x86.ActiveCfg = Debug|Any CPU
		{42D0972C-B8C1-4FF9-986B-9FAEA578CA74}.CD_ROM|x86.Build.0 = Debug|Any CPU
		{42D0972C-B8C1-4FF9-986B-9FAEA578CA74}.Debug|Any CPU.ActiveCfg = Debug|Any CPU
		{42D0972C-B8C1-4FF9-986B-9FAEA578CA74}.Debug|Any CPU.Build.0 = Debug|Any CPU
		{42D0972C-B8C1-4FF9-986B-9FAEA578CA74}.Debug|Mixed Platforms.ActiveCfg = Debug|Any CPU
		{42D0972C-B8C1-4FF9-986B-9FAEA578CA74}.Debug|Mixed Platforms.Build.0 = Debug|Any CPU
		{42D0972C-B8C1-4FF9-986B-9FAEA578CA74}.Debug|x86.ActiveCfg = Debug|Any CPU
		{42D0972C-B8C1-4FF9-986B-9FAEA578CA74}.Debug|x86.Build.0 = Debug|Any CPU
		{42D0972C-B8C1-4FF9-986B-9FAEA578CA74}.DVD-5|Any CPU.ActiveCfg = Debug|Any CPU
		{42D0972C-B8C1-4FF9-986B-9FAEA578CA74}.DVD-5|Any CPU.Build.0 = Debug|Any CPU
		{42D0972C-B8C1-4FF9-986B-9FAEA578CA74}.DVD-5|Mixed Platforms.ActiveCfg = Debug|Any CPU
		{42D0972C-B8C1-4FF9-986B-9FAEA578CA74}.DVD-5|Mixed Platforms.Build.0 = Debug|Any CPU
		{42D0972C-B8C1-4FF9-986B-9FAEA578CA74}.DVD-5|x86.ActiveCfg = Debug|Any CPU
		{42D0972C-B8C1-4FF9-986B-9FAEA578CA74}.DVD-5|x86.Build.0 = Debug|Any CPU
		{42D0972C-B8C1-4FF9-986B-9FAEA578CA74}.Release|Any CPU.ActiveCfg = Release|Any CPU
		{42D0972C-B8C1-4FF9-986B-9FAEA578CA74}.Release|Any CPU.Build.0 = Release|Any CPU
		{42D0972C-B8C1-4FF9-986B-9FAEA578CA74}.Release|Mixed Platforms.ActiveCfg = Release|Any CPU
		{42D0972C-B8C1-4FF9-986B-9FAEA578CA74}.Release|Mixed Platforms.Build.0 = Release|Any CPU
		{42D0972C-B8C1-4FF9-986B-9FAEA578CA74}.Release|x86.ActiveCfg = Release|Any CPU
		{42D0972C-B8C1-4FF9-986B-9FAEA578CA74}.Release|x86.Build.0 = Release|Any CPU
		{42D0972C-B8C1-4FF9-986B-9FAEA578CA74}.SingleImage|Any CPU.ActiveCfg = Debug|Any CPU
		{42D0972C-B8C1-4FF9-986B-9FAEA578CA74}.SingleImage|Any CPU.Build.0 = Debug|Any CPU
		{42D0972C-B8C1-4FF9-986B-9FAEA578CA74}.SingleImage|Mixed Platforms.ActiveCfg = Debug|Any CPU
		{42D0972C-B8C1-4FF9-986B-9FAEA578CA74}.SingleImage|Mixed Platforms.Build.0 = Debug|Any CPU
		{42D0972C-B8C1-4FF9-986B-9FAEA578CA74}.SingleImage|x86.ActiveCfg = Debug|Any CPU
		{42D0972C-B8C1-4FF9-986B-9FAEA578CA74}.SingleImage|x86.Build.0 = Debug|Any CPU
		{1AD6D040-9457-4597-B6F6-3F7259F1077F}.CD_ROM|Any CPU.ActiveCfg = Debug|x86
		{1AD6D040-9457-4597-B6F6-3F7259F1077F}.CD_ROM|Any CPU.Build.0 = Debug|x86
		{1AD6D040-9457-4597-B6F6-3F7259F1077F}.CD_ROM|Mixed Platforms.ActiveCfg = Debug|x86
		{1AD6D040-9457-4597-B6F6-3F7259F1077F}.CD_ROM|Mixed Platforms.Build.0 = Debug|x86
		{1AD6D040-9457-4597-B6F6-3F7259F1077F}.CD_ROM|x86.ActiveCfg = Debug|x86
		{1AD6D040-9457-4597-B6F6-3F7259F1077F}.CD_ROM|x86.Build.0 = Debug|x86
		{1AD6D040-9457-4597-B6F6-3F7259F1077F}.Debug|Any CPU.ActiveCfg = Debug|x86
		{1AD6D040-9457-4597-B6F6-3F7259F1077F}.Debug|Any CPU.Build.0 = Debug|x86
		{1AD6D040-9457-4597-B6F6-3F7259F1077F}.Debug|Mixed Platforms.ActiveCfg = Debug|x86
		{1AD6D040-9457-4597-B6F6-3F7259F1077F}.Debug|Mixed Platforms.Build.0 = Debug|x86
		{1AD6D040-9457-4597-B6F6-3F7259F1077F}.Debug|x86.ActiveCfg = Debug|x86
		{1AD6D040-9457-4597-B6F6-3F7259F1077F}.Debug|x86.Build.0 = Debug|x86
		{1AD6D040-9457-4597-B6F6-3F7259F1077F}.DVD-5|Any CPU.ActiveCfg = Debug|x86
		{1AD6D040-9457-4597-B6F6-3F7259F1077F}.DVD-5|Any CPU.Build.0 = Debug|x86
		{1AD6D040-9457-4597-B6F6-3F7259F1077F}.DVD-5|Mixed Platforms.ActiveCfg = Debug|x86
		{1AD6D040-9457-4597-B6F6-3F7259F1077F}.DVD-5|Mixed Platforms.Build.0 = Debug|x86
		{1AD6D040-9457-4597-B6F6-3F7259F1077F}.DVD-5|x86.ActiveCfg = Debug|x86
		{1AD6D040-9457-4597-B6F6-3F7259F1077F}.DVD-5|x86.Build.0 = Debug|x86
		{1AD6D040-9457-4597-B6F6-3F7259F1077F}.Release|Any CPU.ActiveCfg = Release|x86
		{1AD6D040-9457-4597-B6F6-3F7259F1077F}.Release|Any CPU.Build.0 = Release|x86
		{1AD6D040-9457-4597-B6F6-3F7259F1077F}.Release|Mixed Platforms.ActiveCfg = Release|x86
		{1AD6D040-9457-4597-B6F6-3F7259F1077F}.Release|Mixed Platforms.Build.0 = Release|x86
		{1AD6D040-9457-4597-B6F6-3F7259F1077F}.Release|x86.ActiveCfg = Release|x86
		{1AD6D040-9457-4597-B6F6-3F7259F1077F}.Release|x86.Build.0 = Release|x86
		{1AD6D040-9457-4597-B6F6-3F7259F1077F}.SingleImage|Any CPU.ActiveCfg = Debug|x86
		{1AD6D040-9457-4597-B6F6-3F7259F1077F}.SingleImage|Any CPU.Build.0 = Debug|x86
		{1AD6D040-9457-4597-B6F6-3F7259F1077F}.SingleImage|Mixed Platforms.ActiveCfg = Debug|x86
		{1AD6D040-9457-4597-B6F6-3F7259F1077F}.SingleImage|Mixed Platforms.Build.0 = Debug|x86
		{1AD6D040-9457-4597-B6F6-3F7259F1077F}.SingleImage|x86.ActiveCfg = Debug|x86
		{1AD6D040-9457-4597-B6F6-3F7259F1077F}.SingleImage|x86.Build.0 = Debug|x86
	EndGlobalSection
	GlobalSection(SolutionProperties) = preSolution
		HideSolutionNode = FALSE
	EndGlobalSection
	GlobalSection(ExtensibilityGlobals) = postSolution
		SolutionGuid = {514A16E4-DEB0-4BE0-84A1-5C1C0F054221}
		VisualSVNWorkingCopyRoot = .
	EndGlobalSection
	GlobalSection(SubversionScc) = preSolution
		Svn-Managed = True
		Manager = AnkhSVN - Subversion Support for Visual Studio
	EndGlobalSection
EndGlobal
